
Microsoft Visual Studio Solution File, Format Version 12.00
# Visual Studio Version 17
VisualStudioVersion = 17.5.33530.505
MinimumVisualStudioVersion = 10.0.40219.1
Project("{FAE04EC0-301F-11D3-BF4B-00C04F79EFBC}") = "ConsoleApp2withDLL", "ConsoleApp2withDLL\ConsoleApp2withDLL.csproj", "{4D9ABE52-4D6A-4E6F-A474-37AA0992DAA1}"
EndProject
Project("{FAE04EC0-301F-11D3-BF4B-00C04F79EFBC}") = "WinFormsLibrary1dll", "WinFormsLibrary1dll\WinFormsLibrary1dll.csproj", "{1B20182E-3AFE-4C2D-B43A-1C6860652321}"
EndProject
Project("{FAE04EC0-301F-11D3-BF4B-00C04F79EFBC}") = "mydll", "mydll\mydll.csproj", "{E264B4B2-2D43-4505-8B4F-3D64B41E0EF2}"
EndProject
Global
	GlobalSection(SolutionConfigurationPlatforms) = preSolution
		Debug|Any CPU = Debug|Any CPU
		Release|Any CPU = Release|Any CPU
	EndGlobalSection
	GlobalSection(ProjectConfigurationPlatforms) = postSolution
		{4D9ABE52-4D6A-4E6F-A474-37AA0992DAA1}.Debug|Any CPU.ActiveCfg = Debug|Any CPU
		{4D9ABE52-4D6A-4E6F-A474-37AA0992DAA1}.Debug|Any CPU.Build.0 = Debug|Any CPU
		{4D9ABE52-4D6A-4E6F-A474-37AA0992DAA1}.Release|Any CPU.ActiveCfg = Release|Any CPU
		{4D9ABE52-4D6A-4E6F-A474-37AA0992DAA1}.Release|Any CPU.Build.0 = Release|Any CPU
		{1B20182E-3AFE-4C2D-B43A-1C6860652321}.Debug|Any CPU.ActiveCfg = Debug|Any CPU
		{1B20182E-3AFE-4C2D-B43A-1C6860652321}.Debug|Any CPU.Build.0 = Debug|Any CPU
		{1B20182E-3AFE-4C2D-B43A-1C6860652321}.Release|Any CPU.ActiveCfg = Release|Any CPU
		{1B20182E-3AFE-4C2D-B43A-1C6860652321}.Release|Any CPU.Build.0 = Release|Any CPU
		{E264B4B2-2D43-4505-8B4F-3D64B41E0EF2}.Debug|Any CPU.ActiveCfg = Debug|Any CPU
		{E264B4B2-2D43-4505-8B4F-3D64B41E0EF2}.Debug|Any CPU.Build.0 = Debug|Any CPU
		{E264B4B2-2D43-4505-8B4F-3D64B41E0EF2}.Release|Any CPU.ActiveCfg = Release|Any CPU
		{E264B4B2-2D43-4505-8B4F-3D64B41E0EF2}.Release|Any CPU.Build.0 = Release|Any CPU
	EndGlobalSection
	GlobalSection(SolutionProperties) = preSolution
		HideSolutionNode = FALSE
	EndGlobalSection
	GlobalSection(ExtensibilityGlobals) = postSolution
		SolutionGuid = {EAB643B9-36E3-48D7-AC13-8770FC3AAD58}
	EndGlobalSection
EndGlobal
